
Microsoft Visual Studio Solution File, Format Version 12.00
# Visual Studio Version 17
VisualStudioVersion = 17.5.33414.496
MinimumVisualStudioVersion = 10.0.40219.1
Project("{2150E333-8FDC-42A3-9474-1A3956D46DE8}") = "src", "src", "{6903BF24-B40F-4138-A7F9-F74B8AC13D71}"
EndProject
Project("{2150E333-8FDC-42A3-9474-1A3956D46DE8}") = "test", "test", "{D59DBB1B-EA1A-4DE4-8EC0-34562263FD13}"
EndProject
Project("{2150E333-8FDC-42A3-9474-1A3956D46DE8}") = "Core", "Core", "{C87A4DA4-51B5-48A6-8500-F2BD142EFFA0}"
EndProject
Project("{2150E333-8FDC-42A3-9474-1A3956D46DE8}") = "Iınfrastructure", "Iınfrastructure", "{B5225996-0187-4AA9-85FD-B09A01A218C7}"
EndProject
Project("{2150E333-8FDC-42A3-9474-1A3956D46DE8}") = "Presentation", "Presentation", "{70DBC9A5-CD9E-46A1-91EB-15B4CE3E7AEE}"
EndProject
Project("{2150E333-8FDC-42A3-9474-1A3956D46DE8}") = "Clients", "Clients", "{5AA5EA8B-4FD9-4B65-AF95-CD9364D21E16}"
EndProject
Project("{9A19103F-16F7-4668-BE54-9A1E7A4F7556}") = "HotelsHub.API.Application", "src\API\Core\HotelsHub.API.Application\HotelsHub.API.Application.csproj", "{1EA9E7A8-3095-4B68-87E2-14D6F0E4F571}"
EndProject
Project("{2150E333-8FDC-42A3-9474-1A3956D46DE8}") = "API", "API", "{4FD9908D-491E-4398-A1EE-E7C68B9B24EE}"
EndProject
Project("{9A19103F-16F7-4668-BE54-9A1E7A4F7556}") = "HotelsHub.API.Domain", "src\API\Core\HotelsHub.API.Domain\HotelsHub.API.Domain.csproj", "{C0C99AD6-42BB-4C64-8A99-C5F916D4D6AC}"
EndProject
Project("{9A19103F-16F7-4668-BE54-9A1E7A4F7556}") = "HotelsHub.API.Infrastructure", "src\API\Infrastructure\HotelsHub.API.Infrastructure\HotelsHub.API.Infrastructure.csproj", "{55B04242-BAB4-4EAA-9C73-8A08ADDD7D20}"
EndProject
Project("{9A19103F-16F7-4668-BE54-9A1E7A4F7556}") = "HotelsHub.API.Persistence", "src\API\Infrastructure\HotelsHub.API.Persistence\HotelsHub.API.Persistence.csproj", "{4D98AFE2-9D2C-45DC-8DE9-C4B46A1BFE77}"
EndProject
Project("{9A19103F-16F7-4668-BE54-9A1E7A4F7556}") = "HotelsHub.API", "src\API\Presentation\HotelsHub.API\HotelsHub.API.csproj", "{560965AB-2515-4B25-B685-13CB0737950E}"
EndProject
Global
	GlobalSection(SolutionConfigurationPlatforms) = preSolution
		Debug|Any CPU = Debug|Any CPU
		Release|Any CPU = Release|Any CPU
	EndGlobalSection
	GlobalSection(ProjectConfigurationPlatforms) = postSolution
		{1EA9E7A8-3095-4B68-87E2-14D6F0E4F571}.Debug|Any CPU.ActiveCfg = Debug|Any CPU
		{1EA9E7A8-3095-4B68-87E2-14D6F0E4F571}.Debug|Any CPU.Build.0 = Debug|Any CPU
		{1EA9E7A8-3095-4B68-87E2-14D6F0E4F571}.Release|Any CPU.ActiveCfg = Release|Any CPU
		{1EA9E7A8-3095-4B68-87E2-14D6F0E4F571}.Release|Any CPU.Build.0 = Release|Any CPU
		{C0C99AD6-42BB-4C64-8A99-C5F916D4D6AC}.Debug|Any CPU.ActiveCfg = Debug|Any CPU
		{C0C99AD6-42BB-4C64-8A99-C5F916D4D6AC}.Debug|Any CPU.Build.0 = Debug|Any CPU
		{C0C99AD6-42BB-4C64-8A99-C5F916D4D6AC}.Release|Any CPU.ActiveCfg = Release|Any CPU
		{C0C99AD6-42BB-4C64-8A99-C5F916D4D6AC}.Release|Any CPU.Build.0 = Release|Any CPU
		{55B04242-BAB4-4EAA-9C73-8A08ADDD7D20}.Debug|Any CPU.ActiveCfg = Debug|Any CPU
		{55B04242-BAB4-4EAA-9C73-8A08ADDD7D20}.Debug|Any CPU.Build.0 = Debug|Any CPU
		{55B04242-BAB4-4EAA-9C73-8A08ADDD7D20}.Release|Any CPU.ActiveCfg = Release|Any CPU
		{55B04242-BAB4-4EAA-9C73-8A08ADDD7D20}.Release|Any CPU.Build.0 = Release|Any CPU
		{4D98AFE2-9D2C-45DC-8DE9-C4B46A1BFE77}.Debug|Any CPU.ActiveCfg = Debug|Any CPU
		{4D98AFE2-9D2C-45DC-8DE9-C4B46A1BFE77}.Debug|Any CPU.Build.0 = Debug|Any CPU
		{4D98AFE2-9D2C-45DC-8DE9-C4B46A1BFE77}.Release|Any CPU.ActiveCfg = Release|Any CPU
		{4D98AFE2-9D2C-45DC-8DE9-C4B46A1BFE77}.Release|Any CPU.Build.0 = Release|Any CPU
		{560965AB-2515-4B25-B685-13CB0737950E}.Debug|Any CPU.ActiveCfg = Debug|Any CPU
		{560965AB-2515-4B25-B685-13CB0737950E}.Debug|Any CPU.Build.0 = Debug|Any CPU
		{560965AB-2515-4B25-B685-13CB0737950E}.Release|Any CPU.ActiveCfg = Release|Any CPU
		{560965AB-2515-4B25-B685-13CB0737950E}.Release|Any CPU.Build.0 = Release|Any CPU
	EndGlobalSection
	GlobalSection(SolutionProperties) = preSolution
		HideSolutionNode = FALSE
	EndGlobalSection
	GlobalSection(NestedProjects) = preSolution
		{C87A4DA4-51B5-48A6-8500-F2BD142EFFA0} = {4FD9908D-491E-4398-A1EE-E7C68B9B24EE}
		{B5225996-0187-4AA9-85FD-B09A01A218C7} = {4FD9908D-491E-4398-A1EE-E7C68B9B24EE}
		{70DBC9A5-CD9E-46A1-91EB-15B4CE3E7AEE} = {4FD9908D-491E-4398-A1EE-E7C68B9B24EE}
		{5AA5EA8B-4FD9-4B65-AF95-CD9364D21E16} = {6903BF24-B40F-4138-A7F9-F74B8AC13D71}
		{1EA9E7A8-3095-4B68-87E2-14D6F0E4F571} = {C87A4DA4-51B5-48A6-8500-F2BD142EFFA0}
		{4FD9908D-491E-4398-A1EE-E7C68B9B24EE} = {6903BF24-B40F-4138-A7F9-F74B8AC13D71}
		{C0C99AD6-42BB-4C64-8A99-C5F916D4D6AC} = {C87A4DA4-51B5-48A6-8500-F2BD142EFFA0}
		{55B04242-BAB4-4EAA-9C73-8A08ADDD7D20} = {B5225996-0187-4AA9-85FD-B09A01A218C7}
		{4D98AFE2-9D2C-45DC-8DE9-C4B46A1BFE77} = {B5225996-0187-4AA9-85FD-B09A01A218C7}
		{560965AB-2515-4B25-B685-13CB0737950E} = {70DBC9A5-CD9E-46A1-91EB-15B4CE3E7AEE}
	EndGlobalSection
	GlobalSection(ExtensibilityGlobals) = postSolution
		SolutionGuid = {6475FBEB-7A54-4599-ABD5-0D9532FA5B45}
	EndGlobalSection
EndGlobal
